
Microsoft Visual Studio Solution File, Format Version 12.00
Project("{FAE04EC0-301F-11D3-BF4B-00C04F79EFBC}") = "Shooting.API", "Shooting.API\Shooting.API.csproj", "{727A2527-D3E0-4D64-B4D5-BA1FD51DBE50}"
EndProject
Project("{FAE04EC0-301F-11D3-BF4B-00C04F79EFBC}") = "Shooting.Database", "Shooting.Database\Shooting.Database.csproj", "{FE0B1955-17FB-4216-B281-9A00C1B519DA}"
EndProject
Global
	GlobalSection(SolutionConfigurationPlatforms) = preSolution
		Debug|Any CPU = Debug|Any CPU
		Release|Any CPU = Release|Any CPU
	EndGlobalSection
	GlobalSection(ProjectConfigurationPlatforms) = postSolution
		{727A2527-D3E0-4D64-B4D5-BA1FD51DBE50}.Debug|Any CPU.ActiveCfg = Debug|Any CPU
		{727A2527-D3E0-4D64-B4D5-BA1FD51DBE50}.Debug|Any CPU.Build.0 = Debug|Any CPU
		{727A2527-D3E0-4D64-B4D5-BA1FD51DBE50}.Release|Any CPU.ActiveCfg = Release|Any CPU
		{727A2527-D3E0-4D64-B4D5-BA1FD51DBE50}.Release|Any CPU.Build.0 = Release|Any CPU
		{FE0B1955-17FB-4216-B281-9A00C1B519DA}.Debug|Any CPU.ActiveCfg = Debug|Any CPU
		{FE0B1955-17FB-4216-B281-9A00C1B519DA}.Debug|Any CPU.Build.0 = Debug|Any CPU
		{FE0B1955-17FB-4216-B281-9A00C1B519DA}.Release|Any CPU.ActiveCfg = Release|Any CPU
		{FE0B1955-17FB-4216-B281-9A00C1B519DA}.Release|Any CPU.Build.0 = Release|Any CPU
	EndGlobalSection
EndGlobal
